
Microsoft Visual Studio Solution File, Format Version 12.00
# Visual Studio 15
VisualStudioVersion = 15.0.27703.2000
MinimumVisualStudioVersion = 10.0.40219.1
Project("{FAE04EC0-301F-11D3-BF4B-00C04F79EFBC}") = "SoftwarePhilosophy.Concurrency", "SoftwarePhilosophy.Concurrency\SoftwarePhilosophy.Concurrency.csproj", "{2708AA1D-6511-4180-9D7F-B3739B4E784A}"
EndProject
Global
	GlobalSection(SolutionConfigurationPlatforms) = preSolution
		Debug|Any CPU = Debug|Any CPU
		Release|Any CPU = Release|Any CPU
	EndGlobalSection
	GlobalSection(ProjectConfigurationPlatforms) = postSolution
		{2708AA1D-6511-4180-9D7F-B3739B4E784A}.Debug|Any CPU.ActiveCfg = Debug|Any CPU
		{2708AA1D-6511-4180-9D7F-B3739B4E784A}.Debug|Any CPU.Build.0 = Debug|Any CPU
		{2708AA1D-6511-4180-9D7F-B3739B4E784A}.Release|Any CPU.ActiveCfg = Release|Any CPU
		{2708AA1D-6511-4180-9D7F-B3739B4E784A}.Release|Any CPU.Build.0 = Release|Any CPU
	EndGlobalSection
	GlobalSection(SolutionProperties) = preSolution
		HideSolutionNode = FALSE
	EndGlobalSection
	GlobalSection(ExtensibilityGlobals) = postSolution
		SolutionGuid = {5B0ED03D-38A9-4182-8447-C1FA15586F76}
	EndGlobalSection
EndGlobal
